Microsoft Visual Studio Solution File, Format Version 12.00
# Visual Studio Version 17
VisualStudioVersion = 17.5.2.0
MinimumVisualStudioVersion = 10.0.40219.1
Project("{FAE04EC0-301F-11D3-BF4B-00C04F79EFBC}") = "GitLineBlame", "GitLineBlame.csproj", "{26304B0B-342E-1133-362D-F06DCF42A6C1}"
EndProject
Global
	GlobalSection(SolutionConfigurationPlatforms) = preSolution
		Debug|Any CPU = Debug|Any CPU
		Release|Any CPU = Release|Any CPU
	EndGlobalSection
	GlobalSection(ProjectConfigurationPlatforms) = postSolution
		{26304B0B-342E-1133-362D-F06DCF42A6C1}.Debug|Any CPU.ActiveCfg = Debug|Any CPU
		{26304B0B-342E-1133-362D-F06DCF42A6C1}.Debug|Any CPU.Build.0 = Debug|Any CPU
		{26304B0B-342E-1133-362D-F06DCF42A6C1}.Release|Any CPU.ActiveCfg = Release|Any CPU
		{26304B0B-342E-1133-362D-F06DCF42A6C1}.Release|Any CPU.Build.0 = Release|Any CPU
	EndGlobalSection
	GlobalSection(SolutionProperties) = preSolution
		HideSolutionNode = FALSE
	EndGlobalSection
	GlobalSection(ExtensibilityGlobals) = postSolution
		SolutionGuid = {B74D920F-10C9-4BB0-BAD8-EE0EB4617D46}
	EndGlobalSection
EndGlobal
